Microsoft Visual Studio Solution File, Format Version 12.00
# Visual Studio Version 17
VisualStudioVersion = 17.0.32014.148
MinimumVisualStudioVersion = 10.0.40219.1
Project("{FAE04EC0-301F-11D3-BF4B-00C04F79EFBC}") = "MarDevs.Gestion.Core", "MarDevs.Gestion.Core\MarDevs.Gestion.Core.csproj", "{015AE234-1EEF-497B-AC2D-4F5878E27DFC}"
EndProject
Project("{FAE04EC0-301F-11D3-BF4B-00C04F79EFBC}") = "MarDevs.Gestion.Win", "MarDevs.Gestion.Win\MarDevs.Gestion.Win.csproj", "{8AAC3E35-CBD5-414F-80C9-65A02AB1118B}"
	ProjectSection(ProjectDependencies) = postProject
		{015AE234-1EEF-497B-AC2D-4F5878E27DFC} = {015AE234-1EEF-497B-AC2D-4F5878E27DFC}
	EndProjectSection
EndProject
Global
	GlobalSection(SolutionConfigurationPlatforms) = preSolution
		Debug|Any CPU = Debug|Any CPU
		Debug|x86 = Debug|x86
		Release|Any CPU = Release|Any CPU
		Release|x86 = Release|x86
	EndGlobalSection
	GlobalSection(ProjectConfigurationPlatforms) = postSolution
		{015AE234-1EEF-497B-AC2D-4F5878E27DFC}.Debug|Any CPU.ActiveCfg = Debug|Any CPU
		{015AE234-1EEF-497B-AC2D-4F5878E27DFC}.Debug|Any CPU.Build.0 = Debug|Any CPU
		{015AE234-1EEF-497B-AC2D-4F5878E27DFC}.Debug|x86.ActiveCfg = Debug|x86
		{015AE234-1EEF-497B-AC2D-4F5878E27DFC}.Debug|x86.Build.0 = Debug|x86
		{015AE234-1EEF-497B-AC2D-4F5878E27DFC}.Release|Any CPU.ActiveCfg = Release|Any CPU
		{015AE234-1EEF-497B-AC2D-4F5878E27DFC}.Release|Any CPU.Build.0 = Release|Any CPU
		{015AE234-1EEF-497B-AC2D-4F5878E27DFC}.Release|x86.ActiveCfg = Release|x86
		{015AE234-1EEF-497B-AC2D-4F5878E27DFC}.Release|x86.Build.0 = Release|x86
		{8AAC3E35-CBD5-414F-80C9-65A02AB1118B}.Debug|Any CPU.ActiveCfg = Debug|Any CPU
		{8AAC3E35-CBD5-414F-80C9-65A02AB1118B}.Debug|Any CPU.Build.0 = Debug|Any CPU
		{8AAC3E35-CBD5-414F-80C9-65A02AB1118B}.Debug|x86.ActiveCfg = Debug|x86
		{8AAC3E35-CBD5-414F-80C9-65A02AB1118B}.Debug|x86.Build.0 = Debug|x86
		{8AAC3E35-CBD5-414F-80C9-65A02AB1118B}.Release|Any CPU.ActiveCfg = Release|Any CPU
		{8AAC3E35-CBD5-414F-80C9-65A02AB1118B}.Release|Any CPU.Build.0 = Release|Any CPU
		{8AAC3E35-CBD5-414F-80C9-65A02AB1118B}.Release|x86.ActiveCfg = Release|x86
		{8AAC3E35-CBD5-414F-80C9-65A02AB1118B}.Release|x86.Build.0 = Release|x86
	EndGlobalSection
	GlobalSection(SolutionProperties) = preSolution
		HideSolutionNode = FALSE
	EndGlobalSection
	GlobalSection(ExtensibilityGlobals) = postSolution
		SolutionGuid = {3B76EED2-6F8C-4172-B654-85CB02FDED81}
	EndGlobalSection
EndGlobal
